
Microsoft Visual Studio Solution File, Format Version 12.00
# Visual Studio Version 17
VisualStudioVersion = 17.10.34928.147
MinimumVisualStudioVersion = 10.0.40219.1
Project("{FAE04EC0-301F-11D3-BF4B-00C04F79EFBC}") = "BAWASHARK", "BAWASHARK\BAWASHARK.csproj", "{30BF0688-F3CC-4EF3-993D-8AF0D3D9BEA2}"
EndProject
Global
	GlobalSection(SolutionConfigurationPlatforms) = preSolution
		Debug|Any CPU = Debug|Any CPU
		Release|Any CPU = Release|Any CPU
	EndGlobalSection
	GlobalSection(ProjectConfigurationPlatforms) = postSolution
		{30BF0688-F3CC-4EF3-993D-8AF0D3D9BEA2}.Debug|Any CPU.ActiveCfg = Debug|Any CPU
		{30BF0688-F3CC-4EF3-993D-8AF0D3D9BEA2}.Debug|Any CPU.Build.0 = Debug|Any CPU
		{30BF0688-F3CC-4EF3-993D-8AF0D3D9BEA2}.Release|Any CPU.ActiveCfg = Release|Any CPU
		{30BF0688-F3CC-4EF3-993D-8AF0D3D9BEA2}.Release|Any CPU.Build.0 = Release|Any CPU
	EndGlobalSection
	GlobalSection(SolutionProperties) = preSolution
		HideSolutionNode = FALSE
	EndGlobalSection
	GlobalSection(ExtensibilityGlobals) = postSolution
		SolutionGuid = {E5EE337B-2CCE-4151-8922-76FE5A80AF33}
	EndGlobalSection
EndGlobal
